<?xml version="1.0" encoding="utf-8"?>
<Project ToolsVersion="4.0" xmlns="http://schemas.microsoft.com/developer/msbuild/2003">
  <ItemGroup>
    <Filter Include="Source Files">
      <UniqueIdentifier>{4FC737F1-C7A5-4376-A066-2A32D752A2FF}</UniqueIdentifier>
      <Extensions>cpp;c;cc;cxx;c++;def;odl;idl;hpj;bat;asm;asmx</Extensions>
    </Filter>
    <Filter Include="Header Files">
      <UniqueIdentifier>{93995380-89BD-4b04-88EB-625FBE52EBFB}</UniqueIdentifier>
      <Extensions>h;hh;hpp;hxx;h++;hm;inl;inc;ipp;xsd</Extensions>
    </Filter>
    <Filter Include="Resource Files">
      <UniqueIdentifier>{67DA6AB6-F800-4c08-8B7A-83BB121AAD01}</UniqueIdentifier>
      <Extensions>rc;ico;cur;bmp;dlg;rc2;rct;bin;rgs;gif;jpg;jpeg;jpe;resx;tiff;tif;png;wav;mfcribbon-ms</Extensions>
    </Filter>
    <Filter Include="Source Files\common">
      <UniqueIdentifier>{6c42c307-6a81-45de-97a0-22b5623f642a}</UniqueIdentifier>
    </Filter>
    <Filter Include="Header Files\ijk-base">
      <UniqueIdentifier>{fffdf380-5db8-4036-8439-4df631897b9d}</UniqueIdentifier>
    </Filter>
    <Filter Include="Header Files\ijk-base\_inl">
      <UniqueIdentifier>{1c6f8557-ed1f-4d95-8050-deee106074f2}</UniqueIdentifier>
    </Filter>
  </ItemGroup>
  <ItemGroup>
    <ClCompile Include="..\..\..\source\ijk-base\common\ijk-base.c">
      <Filter>Source Files\common</Filter>
    </ClCompile>
    <ClCompile Include="..\..\..\source\ijk-base\common\ijkThread.c">
      <Filter>Source Files\common</Filter>
    </ClCompile>
  </ItemGroup>
  <ItemGroup>
    <ClInclude Include="..\..\..\include\ijk\ijk-base\ijk-base.h">
      <Filter>Header Files\ijk-base</Filter>
    </ClInclude>
    <ClInclude Include="..\..\..\include\ijk\ijk-base\ijkThread.h">
      <Filter>Header Files\ijk-base</Filter>
    </ClInclude>
  </ItemGroup>
  <ItemGroup>
    <None Include="..\..\..\include\ijk\ijk-base\_inl\ijkThread.inl">
      <Filter>Header Files\ijk-base\_inl</Filter>
    </None>
  </ItemGroup>
</Project>