<?xml version="1.0" encoding="utf-8"?>
<Project ToolsVersion="4.0" xmlns="http://schemas.microsoft.com/developer/msbuild/2003">
  <ItemGroup>
    <Filter Include="Source Files">
      <UniqueIdentifier>{4FC737F1-C7A5-4376-A066-2A32D752A2FF}</UniqueIdentifier>
      <Extensions>cpp;c;cc;cxx;c++;def;odl;idl;hpj;bat;asm;asmx</Extensions>
    </Filter>
    <Filter Include="Header Files">
      <UniqueIdentifier>{93995380-89BD-4b04-88EB-625FBE52EBFB}</UniqueIdentifier>
      <Extensions>h;hh;hpp;hxx;h++;hm;inl;inc;ipp;xsd</Extensions>
    </Filter>
    <Filter Include="Resource Files">
      <UniqueIdentifier>{67DA6AB6-F800-4c08-8B7A-83BB121AAD01}</UniqueIdentifier>
      <Extensions>rc;ico;cur;bmp;dlg;rc2;rct;bin;rgs;gif;jpg;jpeg;jpe;resx;tiff;tif;png;wav;mfcribbon-ms</Extensions>
    </Filter>
    <Filter Include="Source Files\_platform_win">
      <UniqueIdentifier>{76e97919-7e00-4b2a-ba97-5be3c430b890}</UniqueIdentifier>
    </Filter>
    <Filter Include="Source Files\common">
      <UniqueIdentifier>{d5490cc1-6f54-4a63-aabd-6125786a660a}</UniqueIdentifier>
    </Filter>
    <Filter Include="Header Files\ijk-platform">
      <UniqueIdentifier>{23a0bff0-258d-4bf7-8746-ee4bff74d630}</UniqueIdentifier>
    </Filter>
    <Filter Include="Header Files\ijk-platform\ijk-app">
      <UniqueIdentifier>{3838b004-9d55-4e4f-b939-1aa168f7581e}</UniqueIdentifier>
    </Filter>
    <Filter Include="Source Files\_platform_win\ijk-app">
      <UniqueIdentifier>{f230e902-858a-4600-b9f3-5154b3d6271d}</UniqueIdentifier>
    </Filter>
    <Filter Include="Source Files\common\ijk-app">
      <UniqueIdentifier>{799aa35b-11c9-4e64-b3db-f7856ede9c67}</UniqueIdentifier>
    </Filter>
    <Filter Include="Header Files\ijk-platform\ijk-app\_util">
      <UniqueIdentifier>{ec0a8541-b898-4d7d-aacb-62e8e5c16003}</UniqueIdentifier>
    </Filter>
    <Filter Include="Header Files\ijk-platform\ijk-app\_util\_inl">
      <UniqueIdentifier>{b05f0eec-c409-4d72-b57b-e479c203e45c}</UniqueIdentifier>
    </Filter>
    <Filter Include="Source Files\_platform_win\ijk-app\_util">
      <UniqueIdentifier>{69b09623-9f30-46d9-9774-cf12ce698a2e}</UniqueIdentifier>
    </Filter>
    <Filter Include="Header Files\ijk-platform\ijk-render">
      <UniqueIdentifier>{ba9d7bd6-e412-426f-9804-a6867f3eec40}</UniqueIdentifier>
    </Filter>
    <Filter Include="Source Files\_platform_win\ijk-render">
      <UniqueIdentifier>{697d4eb7-73f5-4680-83b8-d74b2f060a3a}</UniqueIdentifier>
    </Filter>
    <Filter Include="Source Files\common\ijk-render">
      <UniqueIdentifier>{1fa00cef-88ed-4ae0-a8af-4ba8256ca370}</UniqueIdentifier>
    </Filter>
    <Filter Include="Source Files\common\ijk-render\_gl">
      <UniqueIdentifier>{6d477cf9-da63-476e-a6e4-c6e43f07c31c}</UniqueIdentifier>
    </Filter>
    <Filter Include="Source Files\common\ijk-render\_vk">
      <UniqueIdentifier>{fc551321-e86f-4249-819e-b8874e1bb95c}</UniqueIdentifier>
    </Filter>
    <Filter Include="Source Files\_platform_win\ijk-render\_gl">
      <UniqueIdentifier>{a2ea18b8-03de-4ed4-baf2-17f62d636093}</UniqueIdentifier>
    </Filter>
    <Filter Include="Source Files\_platform_win\ijk-render\_vk">
      <UniqueIdentifier>{9d256de7-b774-414d-9b82-265e2ea64770}</UniqueIdentifier>
    </Filter>
    <Filter Include="Source Files\_platform_win\ijk-render\_d3d">
      <UniqueIdentifier>{377f9fae-a8b3-42a5-9e3a-949c0d807f69}</UniqueIdentifier>
    </Filter>
    <Filter Include="Source Files\common\ijk-render\_d3d">
      <UniqueIdentifier>{6c79ed25-e531-445e-b811-fc156b8ca4dc}</UniqueIdentifier>
    </Filter>
    <Filter Include="Source Files\_platform_win\ijk-render\_sw">
      <UniqueIdentifier>{c9848dac-4f7e-4e1f-9d9d-a451eb4e7ccc}</UniqueIdentifier>
    </Filter>
    <Filter Include="Source Files\common\ijk-render\_sw">
      <UniqueIdentifier>{227fd189-7549-426f-92bc-420a56ccb8c3}</UniqueIdentifier>
    </Filter>
  </ItemGroup>
  <ItemGroup>
    <ClCompile Include="..\..\..\source\ijk-platform\common\ijk-platform.c">
      <Filter>Source Files\common</Filter>
    </ClCompile>
    <ClCompile Include="_platform_win\source\ijk-app\ijkApplication_win.c">
      <Filter>Source Files\_platform_win\ijk-app</Filter>
    </ClCompile>
    <ClCompile Include="_platform_win\source\ijk-app\ijkConsole_win.c">
      <Filter>Source Files\_platform_win\ijk-app</Filter>
    </ClCompile>
    <ClCompile Include="_platform_win\source\ijk-app\ijkWindow_win.c">
      <Filter>Source Files\_platform_win\ijk-app</Filter>
    </ClCompile>
    <ClCompile Include="_platform_win\source\ijk-app\_util\ijkWindowUnlockPDB_win.c">
      <Filter>Source Files\_platform_win\ijk-app\_util</Filter>
    </ClCompile>
    <ClCompile Include="..\..\..\source\ijk-platform\common\ijk-app\ijkWindow.c">
      <Filter>Source Files\common\ijk-app</Filter>
    </ClCompile>
    <ClCompile Include="..\..\..\source\ijk-platform\common\ijk-app\ijkPlugin.c">
      <Filter>Source Files\common\ijk-app</Filter>
    </ClCompile>
    <ClCompile Include="..\..\..\source\ijk-platform\common\ijk-render\ijkRenderContext.c">
      <Filter>Source Files\common\ijk-render</Filter>
    </ClCompile>
    <ClCompile Include="..\..\..\source\ijk-platform\common\ijk-render\_gl\ijkRenderContext_gl.c">
      <Filter>Source Files\common\ijk-render\_gl</Filter>
    </ClCompile>
    <ClCompile Include="_platform_win\source\ijk-render\_gl\ijkRenderContext_win_gl.c">
      <Filter>Source Files\_platform_win\ijk-render\_gl</Filter>
    </ClCompile>
    <ClCompile Include="..\..\..\source\ijk-platform\common\ijk-render\_vk\ijkRenderContext_vk.c">
      <Filter>Source Files\common\ijk-render\_vk</Filter>
    </ClCompile>
    <ClCompile Include="_platform_win\source\ijk-render\_vk\ijkRenderContext_win_vk.c">
      <Filter>Source Files\_platform_win\ijk-render\_vk</Filter>
    </ClCompile>
    <ClCompile Include="_platform_win\source\ijk-render\_d3d\ijkRenderContext_win_d3d.c">
      <Filter>Source Files\_platform_win\ijk-render\_d3d</Filter>
    </ClCompile>
    <ClCompile Include="..\..\..\source\ijk-platform\common\ijk-render\_d3d\ijkRenderContext_d3d.c">
      <Filter>Source Files\common\ijk-render\_d3d</Filter>
    </ClCompile>
    <ClCompile Include="..\..\..\source\ijk-platform\common\ijk-render\_sw\ijkRenderContext_sw.c">
      <Filter>Source Files\common\ijk-render\_sw</Filter>
    </ClCompile>
    <ClCompile Include="_platform_win\source\ijk-render\_sw\ijkRenderContext_win_sw.c">
      <Filter>Source Files\_platform_win\ijk-render\_sw</Filter>
    </ClCompile>
  </ItemGroup>
  <ItemGroup>
    <ClInclude Include="..\..\..\include\ijk\ijk-platform\ijk-platform.h">
      <Filter>Header Files\ijk-platform</Filter>
    </ClInclude>
    <ClInclude Include="..\..\..\include\ijk\ijk-platform\ijk-app\ijkWindow.h">
      <Filter>Header Files\ijk-platform\ijk-app</Filter>
    </ClInclude>
    <ClInclude Include="..\..\..\include\ijk\ijk-platform\ijk-app\ijkConsole.h">
      <Filter>Header Files\ijk-platform\ijk-app</Filter>
    </ClInclude>
    <ClInclude Include="..\..\..\include\ijk\ijk-platform\ijk-app\ijkApplication.h">
      <Filter>Header Files\ijk-platform\ijk-app</Filter>
    </ClInclude>
    <ClInclude Include="..\..\..\include\ijk\ijk-platform\ijk-app\_util\ijk-dylib.h">
      <Filter>Header Files\ijk-platform\ijk-app\_util</Filter>
    </ClInclude>
    <ClInclude Include="..\..\..\include\ijk\ijk-platform\ijk-app\ijkPlugin.h">
      <Filter>Header Files\ijk-platform\ijk-app</Filter>
    </ClInclude>
    <ClInclude Include="..\..\..\include\ijk\ijk-platform\ijk-render\ijkRenderContext.h">
      <Filter>Header Files\ijk-platform\ijk-render</Filter>
    </ClInclude>
  </ItemGroup>
  <ItemGroup>
    <None Include="..\..\..\include\ijk\ijk-platform\ijk-app\_util\_inl\ijk-dylib.inl">
      <Filter>Header Files\ijk-platform\ijk-app\_util\_inl</Filter>
    </None>
  </ItemGroup>
</Project>