<?xml version="1.0" encoding="utf-8"?>
<Project ToolsVersion="4.0" xmlns="http://schemas.microsoft.com/developer/msbuild/2003">
  <ItemGroup>
    <Filter Include="Source Files">
      <UniqueIdentifier>{4FC737F1-C7A5-4376-A066-2A32D752A2FF}</UniqueIdentifier>
      <Extensions>cpp;c;cc;cxx;c++;def;odl;idl;hpj;bat;asm;asmx</Extensions>
    </Filter>
    <Filter Include="Header Files">
      <UniqueIdentifier>{93995380-89BD-4b04-88EB-625FBE52EBFB}</UniqueIdentifier>
      <Extensions>h;hh;hpp;hxx;h++;hm;inl;inc;ipp;xsd</Extensions>
    </Filter>
    <Filter Include="Resource Files">
      <UniqueIdentifier>{67DA6AB6-F800-4c08-8B7A-83BB121AAD01}</UniqueIdentifier>
      <Extensions>rc;ico;cur;bmp;dlg;rc2;rct;bin;rgs;gif;jpg;jpeg;jpe;resx;tiff;tif;png;wav;mfcribbon-ms</Extensions>
    </Filter>
    <Filter Include="Source Files\_platform_win">
      <UniqueIdentifier>{76e97919-7e00-4b2a-ba97-5be3c430b890}</UniqueIdentifier>
    </Filter>
    <Filter Include="Source Files\common">
      <UniqueIdentifier>{d5490cc1-6f54-4a63-aabd-6125786a660a}</UniqueIdentifier>
    </Filter>
    <Filter Include="Header Files\ijk-platform">
      <UniqueIdentifier>{23a0bff0-258d-4bf7-8746-ee4bff74d630}</UniqueIdentifier>
    </Filter>
    <Filter Include="Header Files\ijk-platform\ijk-app">
      <UniqueIdentifier>{3838b004-9d55-4e4f-b939-1aa168f7581e}</UniqueIdentifier>
    </Filter>
    <Filter Include="Source Files\_platform_win\ijk-app">
      <UniqueIdentifier>{f230e902-858a-4600-b9f3-5154b3d6271d}</UniqueIdentifier>
    </Filter>
    <Filter Include="Source Files\common\ijk-app">
      <UniqueIdentifier>{799aa35b-11c9-4e64-b3db-f7856ede9c67}</UniqueIdentifier>
    </Filter>
  </ItemGroup>
  <ItemGroup>
    <ClCompile Include="..\..\..\source\ijk-platform\common\ijk-platform.c">
      <Filter>Source Files\common</Filter>
    </ClCompile>
    <ClCompile Include="_platform_win\ijk-app\ijkConsole_win.c">
      <Filter>Source Files\_platform_win\ijk-app</Filter>
    </ClCompile>
    <ClCompile Include="_platform_win\ijk-app\ijkWindow_win.c">
      <Filter>Source Files\_platform_win\ijk-app</Filter>
    </ClCompile>
  </ItemGroup>
  <ItemGroup>
    <ClInclude Include="..\..\..\include\ijk\ijk-platform\ijk-platform.h">
      <Filter>Header Files\ijk-platform</Filter>
    </ClInclude>
    <ClInclude Include="..\..\..\include\ijk\ijk-platform\ijk-app\ijkWindow.h">
      <Filter>Header Files\ijk-platform\ijk-app</Filter>
    </ClInclude>
    <ClInclude Include="..\..\..\include\ijk\ijk-platform\ijk-app\ijkConsole.h">
      <Filter>Header Files\ijk-platform\ijk-app</Filter>
    </ClInclude>
  </ItemGroup>
</Project>