<?xml version="1.0" encoding="utf-8"?>
<Project ToolsVersion="4.0" xmlns="http://schemas.microsoft.com/developer/msbuild/2003">
  <ItemGroup>
    <Filter Include="Source Files">
      <UniqueIdentifier>{4FC737F1-C7A5-4376-A066-2A32D752A2FF}</UniqueIdentifier>
      <Extensions>cpp;c;cc;cxx;c++;def;odl;idl;hpj;bat;asm;asmx</Extensions>
    </Filter>
    <Filter Include="Header Files">
      <UniqueIdentifier>{93995380-89BD-4b04-88EB-625FBE52EBFB}</UniqueIdentifier>
      <Extensions>h;hh;hpp;hxx;h++;hm;inl;inc;ipp;xsd</Extensions>
    </Filter>
    <Filter Include="Resource Files">
      <UniqueIdentifier>{67DA6AB6-F800-4c08-8B7A-83BB121AAD01}</UniqueIdentifier>
      <Extensions>rc;ico;cur;bmp;dlg;rc2;rct;bin;rgs;gif;jpg;jpeg;jpe;resx;tiff;tif;png;wav;mfcribbon-ms</Extensions>
    </Filter>
    <Filter Include="Source Files\common">
      <UniqueIdentifier>{b278a13f-88b0-4c48-936a-5eedcc0be3dd}</UniqueIdentifier>
    </Filter>
    <Filter Include="Header Files\ijk-math">
      <UniqueIdentifier>{0acaa139-38a6-43cd-80ce-ab2e91750ea8}</UniqueIdentifier>
    </Filter>
    <Filter Include="Header Files\ijk-math\ijk-real">
      <UniqueIdentifier>{8d4f16bf-e393-4d75-b66a-08d3dd4ad6d2}</UniqueIdentifier>
    </Filter>
    <Filter Include="Source Files\common\ijk-real">
      <UniqueIdentifier>{58f84b7a-d689-403c-b3a0-03cbe87b6393}</UniqueIdentifier>
    </Filter>
    <Filter Include="Header Files\ijk-math\ijk-xmath">
      <UniqueIdentifier>{ce829540-eaad-456d-91a9-29dc2b332887}</UniqueIdentifier>
    </Filter>
    <Filter Include="Source Files\common\ijk-xmath">
      <UniqueIdentifier>{5e26b8f2-7b71-4114-88a9-84e1eefb3fb4}</UniqueIdentifier>
    </Filter>
    <Filter Include="Header Files\ijk-math\ijk-real\_inl">
      <UniqueIdentifier>{ab5a83be-bd92-4a97-8549-cdb70bb169eb}</UniqueIdentifier>
    </Filter>
    <Filter Include="Header Files\ijk-math\ijk-xmath\_inl">
      <UniqueIdentifier>{cff62012-f43b-4a9a-8a41-16c32f34cb55}</UniqueIdentifier>
    </Filter>
    <Filter Include="Source Files\common\ijk-real\_asm">
      <UniqueIdentifier>{9b63c867-16b2-4359-8e70-466f5ef76d9e}</UniqueIdentifier>
    </Filter>
    <Filter Include="Source Files\common\ijk-real\_cpp">
      <UniqueIdentifier>{d39a2a6b-d0b5-435f-9f07-3dcd12d65deb}</UniqueIdentifier>
    </Filter>
    <Filter Include="Header Files\ijk-math\ijk-real\_util">
      <UniqueIdentifier>{f343483e-0e25-4c42-b783-8ef5c9c8ef7c}</UniqueIdentifier>
    </Filter>
    <Filter Include="Header Files\ijk-math\ijk-real\_util\_inl">
      <UniqueIdentifier>{0fc15d88-9e2e-467d-8a35-e958b38c367c}</UniqueIdentifier>
    </Filter>
  </ItemGroup>
  <ItemGroup>
    <ClCompile Include="..\..\..\source\ijk-math\common\ijk-math.c">
      <Filter>Source Files\common</Filter>
    </ClCompile>
    <ClCompile Include="..\..\..\source\ijk-math\common\ijk-real\ijkReal.c">
      <Filter>Source Files\common\ijk-real</Filter>
    </ClCompile>
    <ClCompile Include="..\..\..\source\ijk-math\common\ijk-real\ijkRandom.c">
      <Filter>Source Files\common\ijk-real</Filter>
    </ClCompile>
    <ClCompile Include="..\..\..\source\ijk-math\common\ijk-real\ijkSqrt.c">
      <Filter>Source Files\common\ijk-real</Filter>
    </ClCompile>
    <ClCompile Include="..\..\..\source\ijk-math\common\ijk-real\ijkTrigonometry.c">
      <Filter>Source Files\common\ijk-real</Filter>
    </ClCompile>
    <ClCompile Include="..\..\..\source\ijk-math\common\ijk-real\ijkVector.c">
      <Filter>Source Files\common\ijk-real</Filter>
    </ClCompile>
    <ClCompile Include="..\..\..\source\ijk-math\common\ijk-real\_cpp\ijkVectorSwizzle.cpp">
      <Filter>Source Files\common\ijk-real\_cpp</Filter>
    </ClCompile>
  </ItemGroup>
  <ItemGroup>
    <ClInclude Include="..\..\..\include\ijk\ijk-math\ijk-math.h">
      <Filter>Header Files\ijk-math</Filter>
    </ClInclude>
    <ClInclude Include="..\..\..\include\ijk\ijk-math\ijk-real\ijkReal.h">
      <Filter>Header Files\ijk-math\ijk-real</Filter>
    </ClInclude>
    <ClInclude Include="..\..\..\include\ijk\ijk-math\ijk-real\ijkVector.h">
      <Filter>Header Files\ijk-math\ijk-real</Filter>
    </ClInclude>
    <ClInclude Include="..\..\..\include\ijk\ijk-math\ijk-real\ijkMatrix.h">
      <Filter>Header Files\ijk-math\ijk-real</Filter>
    </ClInclude>
    <ClInclude Include="..\..\..\include\ijk\ijk-math\ijk-real\ijkRandom.h">
      <Filter>Header Files\ijk-math\ijk-real</Filter>
    </ClInclude>
    <ClInclude Include="..\..\..\include\ijk\ijk-math\ijk-real\ijkStats.h">
      <Filter>Header Files\ijk-math\ijk-real</Filter>
    </ClInclude>
    <ClInclude Include="..\..\..\include\ijk\ijk-math\ijk-real\ijkSqrt.h">
      <Filter>Header Files\ijk-math\ijk-real</Filter>
    </ClInclude>
    <ClInclude Include="..\..\..\include\ijk\ijk-math\ijk-real\ijkInterpolation.h">
      <Filter>Header Files\ijk-math\ijk-real</Filter>
    </ClInclude>
    <ClInclude Include="..\..\..\include\ijk\ijk-math\ijk-real\ijkTrigonometry.h">
      <Filter>Header Files\ijk-math\ijk-real</Filter>
    </ClInclude>
    <ClInclude Include="..\..\..\include\ijk\ijk-math\ijk-real\_util\ijkVectorFunc.h">
      <Filter>Header Files\ijk-math\ijk-real\_util</Filter>
    </ClInclude>
    <ClInclude Include="..\..\..\include\ijk\ijk-math\ijk-real\_util\ijkVectorSwizzle.h">
      <Filter>Header Files\ijk-math\ijk-real\_util</Filter>
    </ClInclude>
  </ItemGroup>
  <ItemGroup>
    <None Include="..\..\..\include\ijk\ijk-math\ijk-real\_inl\ijkRandom.inl">
      <Filter>Header Files\ijk-math\ijk-real\_inl</Filter>
    </None>
    <None Include="..\..\..\include\ijk\ijk-math\ijk-real\_inl\ijkStats.inl">
      <Filter>Header Files\ijk-math\ijk-real\_inl</Filter>
    </None>
    <None Include="..\..\..\include\ijk\ijk-math\ijk-real\_inl\ijkSqrt.inl">
      <Filter>Header Files\ijk-math\ijk-real\_inl</Filter>
    </None>
    <None Include="..\..\..\include\ijk\ijk-math\ijk-real\_inl\ijkInterpolation.inl">
      <Filter>Header Files\ijk-math\ijk-real\_inl</Filter>
    </None>
    <None Include="..\..\..\include\ijk\ijk-math\ijk-real\_inl\ijkTrigonometry.inl">
      <Filter>Header Files\ijk-math\ijk-real\_inl</Filter>
    </None>
    <None Include="..\..\..\include\ijk\ijk-math\ijk-real\_inl\ijkVector.inl">
      <Filter>Header Files\ijk-math\ijk-real\_inl</Filter>
    </None>
    <None Include="..\..\..\include\ijk\ijk-math\ijk-real\_util\_inl\ijkVectorFunc.inl">
      <Filter>Header Files\ijk-math\ijk-real\_util\_inl</Filter>
    </None>
    <None Include="..\..\..\include\ijk\ijk-math\ijk-real\_util\_inl\ijkVectorSwizzle.inl">
      <Filter>Header Files\ijk-math\ijk-real\_util\_inl</Filter>
    </None>
  </ItemGroup>
  <ItemGroup>
    <MASM Include="..\..\..\source\ijk-math\common\ijk-real\_asm\ijkSqrt_a.asm">
      <Filter>Source Files\common\ijk-real\_asm</Filter>
    </MASM>
  </ItemGroup>
</Project>